
Microsoft Visual Studio Solution File, Format Version 12.00
# Visual Studio 15
VisualStudioVersion = 15.0.28307.438
MinimumVisualStudioVersion = 10.0.40219.1
Project("{FAE04EC0-301F-11D3-BF4B-00C04F79EFBC}") = "Application.Api", "Application.Api\Application.Api.csproj", "{3885CD8D-40C7-4DDF-BE2B-21CABB532A1C}"
EndProject
Project("{FAE04EC0-301F-11D3-BF4B-00C04F79EFBC}") = "Application.Model", "Application.Model\Application.Model.csproj", "{87A44BA8-B1FC-4187-ACEA-775B9FF9582C}"
EndProject
Project("{FAE04EC0-301F-11D3-BF4B-00C04F79EFBC}") = "Application.Data", "Application.Data\Application.Data.csproj", "{02EFE0FA-A9E8-46C9-9127-DD792A75F1F6}"
EndProject
Project("{FAE04EC0-301F-11D3-BF4B-00C04F79EFBC}") = "Application.Service", "Application.Service\Application.Service.csproj", "{59278132-01BB-42CD-A0D8-37FB51194FB2}"
EndProject
Project("{FAE04EC0-301F-11D3-BF4B-00C04F79EFBC}") = "Application.ViewModel", "Application.ViewModel\Application.ViewModel.csproj", "{EB841A22-C1C5-4F4E-A12D-3F55BC3960EE}"
EndProject
Global
	GlobalSection(SolutionConfigurationPlatforms) = preSolution
		Debug|Any CPU = Debug|Any CPU
		Release|Any CPU = Release|Any CPU
	EndGlobalSection
	GlobalSection(ProjectConfigurationPlatforms) = postSolution
		{3885CD8D-40C7-4DDF-BE2B-21CABB532A1C}.Debug|Any CPU.ActiveCfg = Debug|Any CPU
		{3885CD8D-40C7-4DDF-BE2B-21CABB532A1C}.Debug|Any CPU.Build.0 = Debug|Any CPU
		{3885CD8D-40C7-4DDF-BE2B-21CABB532A1C}.Release|Any CPU.ActiveCfg = Release|Any CPU
		{3885CD8D-40C7-4DDF-BE2B-21CABB532A1C}.Release|Any CPU.Build.0 = Release|Any CPU
		{87A44BA8-B1FC-4187-ACEA-775B9FF9582C}.Debug|Any CPU.ActiveCfg = Debug|Any CPU
		{87A44BA8-B1FC-4187-ACEA-775B9FF9582C}.Debug|Any CPU.Build.0 = Debug|Any CPU
		{87A44BA8-B1FC-4187-ACEA-775B9FF9582C}.Release|Any CPU.ActiveCfg = Release|Any CPU
		{87A44BA8-B1FC-4187-ACEA-775B9FF9582C}.Release|Any CPU.Build.0 = Release|Any CPU
		{02EFE0FA-A9E8-46C9-9127-DD792A75F1F6}.Debug|Any CPU.ActiveCfg = Debug|Any CPU
		{02EFE0FA-A9E8-46C9-9127-DD792A75F1F6}.Debug|Any CPU.Build.0 = Debug|Any CPU
		{02EFE0FA-A9E8-46C9-9127-DD792A75F1F6}.Release|Any CPU.ActiveCfg = Release|Any CPU
		{02EFE0FA-A9E8-46C9-9127-DD792A75F1F6}.Release|Any CPU.Build.0 = Release|Any CPU
		{59278132-01BB-42CD-A0D8-37FB51194FB2}.Debug|Any CPU.ActiveCfg = Debug|Any CPU
		{59278132-01BB-42CD-A0D8-37FB51194FB2}.Debug|Any CPU.Build.0 = Debug|Any CPU
		{59278132-01BB-42CD-A0D8-37FB51194FB2}.Release|Any CPU.ActiveCfg = Release|Any CPU
		{59278132-01BB-42CD-A0D8-37FB51194FB2}.Release|Any CPU.Build.0 = Release|Any CPU
		{EB841A22-C1C5-4F4E-A12D-3F55BC3960EE}.Debug|Any CPU.ActiveCfg = Debug|Any CPU
		{EB841A22-C1C5-4F4E-A12D-3F55BC3960EE}.Debug|Any CPU.Build.0 = Debug|Any CPU
		{EB841A22-C1C5-4F4E-A12D-3F55BC3960EE}.Release|Any CPU.ActiveCfg = Release|Any CPU
		{EB841A22-C1C5-4F4E-A12D-3F55BC3960EE}.Release|Any CPU.Build.0 = Release|Any CPU
	EndGlobalSection
	GlobalSection(SolutionProperties) = preSolution
		HideSolutionNode = FALSE
	EndGlobalSection
	GlobalSection(ExtensibilityGlobals) = postSolution
		SolutionGuid = {0C5EA6FD-0BB7-4915-8C73-D1EEA5EC01C8}
	EndGlobalSection
EndGlobal
